
Microsoft Visual Studio Solution File, Format Version 12.00
# Visual Studio Version 17
VisualStudioVersion = 17.11.35208.52
MinimumVisualStudioVersion = 10.0.40219.1
Project("{FAE04EC0-301F-11D3-BF4B-00C04F79EFBC}") = "DemoRazorPages", "DemoRazorPages\DemoRazorPages.csproj", "{6E3A885E-84CA-4FF1-9BB7-5604E24ECC12}"
EndProject
Global
	GlobalSection(SolutionConfigurationPlatforms) = preSolution
		Debug|Any CPU = Debug|Any CPU
		Release|Any CPU = Release|Any CPU
	EndGlobalSection
	GlobalSection(ProjectConfigurationPlatforms) = postSolution
		{6E3A885E-84CA-4FF1-9BB7-5604E24ECC12}.Debug|Any CPU.ActiveCfg = Debug|Any CPU
		{6E3A885E-84CA-4FF1-9BB7-5604E24ECC12}.Debug|Any CPU.Build.0 = Debug|Any CPU
		{6E3A885E-84CA-4FF1-9BB7-5604E24ECC12}.Release|Any CPU.ActiveCfg = Release|Any CPU
		{6E3A885E-84CA-4FF1-9BB7-5604E24ECC12}.Release|Any CPU.Build.0 = Release|Any CPU
	EndGlobalSection
	GlobalSection(SolutionProperties) = preSolution
		HideSolutionNode = FALSE
	EndGlobalSection
	GlobalSection(ExtensibilityGlobals) = postSolution
		SolutionGuid = {CEEF459D-C6E3-45F1-BD99-2287F56F7C6F}
	EndGlobalSection
EndGlobal
